
Microsoft Visual Studio Solution File, Format Version 12.00
# Visual Studio Version 17
VisualStudioVersion = 17.0.31903.59
MinimumVisualStudioVersion = 10.0.40219.1
Project("{FAE04EC0-301F-11D3-BF4B-00C04F79EFBC}") = "IronVeil.Desktop", "IronVeil.Desktop\IronVeil.Desktop.csproj", "{BD48E796-9721-4600-8840-0775DE801946}"
EndProject
Project("{FAE04EC0-301F-11D3-BF4B-00C04F79EFBC}") = "IronVeil.Core", "IronVeil.Core\IronVeil.Core.csproj", "{F73270F8-BB35-4A25-920D-74612CF97C6B}"
EndProject
Project("{FAE04EC0-301F-11D3-BF4B-00C04F79EFBC}") = "IronVeil.PowerShell", "IronVeil.PowerShell\IronVeil.PowerShell.csproj", "{D37448CD-12D8-41C2-99D7-4C21DA69EA1B}"
EndProject
Project("{FAE04EC0-301F-11D3-BF4B-00C04F79EFBC}") = "IronVeil.Tests", "IronVeil.Tests\IronVeil.Tests.csproj", "{A2265B17-23F4-44FA-B15E-C101D4282064}"
EndProject
Global
	GlobalSection(SolutionConfigurationPlatforms) = preSolution
		Debug|Any CPU = Debug|Any CPU
		Debug|x64 = Debug|x64
		Debug|x86 = Debug|x86
		Release|Any CPU = Release|Any CPU
		Release|x64 = Release|x64
		Release|x86 = Release|x86
	EndGlobalSection
	GlobalSection(ProjectConfigurationPlatforms) = postSolution
		{BD48E796-9721-4600-8840-0775DE801946}.Debug|Any CPU.ActiveCfg = Debug|Any CPU
		{BD48E796-9721-4600-8840-0775DE801946}.Debug|Any CPU.Build.0 = Debug|Any CPU
		{BD48E796-9721-4600-8840-0775DE801946}.Debug|x64.ActiveCfg = Debug|Any CPU
		{BD48E796-9721-4600-8840-0775DE801946}.Debug|x64.Build.0 = Debug|Any CPU
		{BD48E796-9721-4600-8840-0775DE801946}.Debug|x86.ActiveCfg = Debug|Any CPU
		{BD48E796-9721-4600-8840-0775DE801946}.Debug|x86.Build.0 = Debug|Any CPU
		{BD48E796-9721-4600-8840-0775DE801946}.Release|Any CPU.ActiveCfg = Release|Any CPU
		{BD48E796-9721-4600-8840-0775DE801946}.Release|Any CPU.Build.0 = Release|Any CPU
		{BD48E796-9721-4600-8840-0775DE801946}.Release|x64.ActiveCfg = Release|Any CPU
		{BD48E796-9721-4600-8840-0775DE801946}.Release|x64.Build.0 = Release|Any CPU
		{BD48E796-9721-4600-8840-0775DE801946}.Release|x86.ActiveCfg = Release|Any CPU
		{BD48E796-9721-4600-8840-0775DE801946}.Release|x86.Build.0 = Release|Any CPU
		{F73270F8-BB35-4A25-920D-74612CF97C6B}.Debug|Any CPU.ActiveCfg = Debug|Any CPU
		{F73270F8-BB35-4A25-920D-74612CF97C6B}.Debug|Any CPU.Build.0 = Debug|Any CPU
		{F73270F8-BB35-4A25-920D-74612CF97C6B}.Debug|x64.ActiveCfg = Debug|Any CPU
		{F73270F8-BB35-4A25-920D-74612CF97C6B}.Debug|x64.Build.0 = Debug|Any CPU
		{F73270F8-BB35-4A25-920D-74612CF97C6B}.Debug|x86.ActiveCfg = Debug|Any CPU
		{F73270F8-BB35-4A25-920D-74612CF97C6B}.Debug|x86.Build.0 = Debug|Any CPU
		{F73270F8-BB35-4A25-920D-74612CF97C6B}.Release|Any CPU.ActiveCfg = Release|Any CPU
		{F73270F8-BB35-4A25-920D-74612CF97C6B}.Release|Any CPU.Build.0 = Release|Any CPU
		{F73270F8-BB35-4A25-920D-74612CF97C6B}.Release|x64.ActiveCfg = Release|Any CPU
		{F73270F8-BB35-4A25-920D-74612CF97C6B}.Release|x64.Build.0 = Release|Any CPU
		{F73270F8-BB35-4A25-920D-74612CF97C6B}.Release|x86.ActiveCfg = Release|Any CPU
		{F73270F8-BB35-4A25-920D-74612CF97C6B}.Release|x86.Build.0 = Release|Any CPU
		{D37448CD-12D8-41C2-99D7-4C21DA69EA1B}.Debug|Any CPU.ActiveCfg = Debug|Any CPU
		{D37448CD-12D8-41C2-99D7-4C21DA69EA1B}.Debug|Any CPU.Build.0 = Debug|Any CPU
		{D37448CD-12D8-41C2-99D7-4C21DA69EA1B}.Debug|x64.ActiveCfg = Debug|Any CPU
		{D37448CD-12D8-41C2-99D7-4C21DA69EA1B}.Debug|x64.Build.0 = Debug|Any CPU
		{D37448CD-12D8-41C2-99D7-4C21DA69EA1B}.Debug|x86.ActiveCfg = Debug|Any CPU
		{D37448CD-12D8-41C2-99D7-4C21DA69EA1B}.Debug|x86.Build.0 = Debug|Any CPU
		{D37448CD-12D8-41C2-99D7-4C21DA69EA1B}.Release|Any CPU.ActiveCfg = Release|Any CPU
		{D37448CD-12D8-41C2-99D7-4C21DA69EA1B}.Release|Any CPU.Build.0 = Release|Any CPU
		{D37448CD-12D8-41C2-99D7-4C21DA69EA1B}.Release|x64.ActiveCfg = Release|Any CPU
		{D37448CD-12D8-41C2-99D7-4C21DA69EA1B}.Release|x64.Build.0 = Release|Any CPU
		{D37448CD-12D8-41C2-99D7-4C21DA69EA1B}.Release|x86.ActiveCfg = Release|Any CPU
		{D37448CD-12D8-41C2-99D7-4C21DA69EA1B}.Release|x86.Build.0 = Release|Any CPU
		{A2265B17-23F4-44FA-B15E-C101D4282064}.Debug|Any CPU.ActiveCfg = Debug|Any CPU
		{A2265B17-23F4-44FA-B15E-C101D4282064}.Debug|Any CPU.Build.0 = Debug|Any CPU
		{A2265B17-23F4-44FA-B15E-C101D4282064}.Debug|x64.ActiveCfg = Debug|Any CPU
		{A2265B17-23F4-44FA-B15E-C101D4282064}.Debug|x64.Build.0 = Debug|Any CPU
		{A2265B17-23F4-44FA-B15E-C101D4282064}.Debug|x86.ActiveCfg = Debug|Any CPU
		{A2265B17-23F4-44FA-B15E-C101D4282064}.Debug|x86.Build.0 = Debug|Any CPU
		{A2265B17-23F4-44FA-B15E-C101D4282064}.Release|Any CPU.ActiveCfg = Release|Any CPU
		{A2265B17-23F4-44FA-B15E-C101D4282064}.Release|Any CPU.Build.0 = Release|Any CPU
		{A2265B17-23F4-44FA-B15E-C101D4282064}.Release|x64.ActiveCfg = Release|Any CPU
		{A2265B17-23F4-44FA-B15E-C101D4282064}.Release|x64.Build.0 = Release|Any CPU
		{A2265B17-23F4-44FA-B15E-C101D4282064}.Release|x86.ActiveCfg = Release|Any CPU
		{A2265B17-23F4-44FA-B15E-C101D4282064}.Release|x86.Build.0 = Release|Any CPU
	EndGlobalSection
	GlobalSection(SolutionProperties) = preSolution
		HideSolutionNode = FALSE
	EndGlobalSection
EndGlobal
